
Microsoft Visual Studio Solution File, Format Version 12.00
# Visual Studio Version 17
VisualStudioVersion = 17.3.32929.385
MinimumVisualStudioVersion = 10.0.40219.1
Project("{FAE04EC0-301F-11D3-BF4B-00C04F79EFBC}") = "ToDoAndTrackerServer", "ToDoAndTrackerServer\ToDoAndTrackerServer.csproj", "{41ABE8D7-3AAC-4C42-A7AB-B81DCF2D2BA7}"
EndProject
Project("{9A19103F-16F7-4668-BE54-9A1E7A4F7556}") = "ToDoAndTrackerOldProject", "ToDoAndTrackerOldProject\ToDoAndTrackerOldProject.csproj", "{7777D64F-926B-400F-A30E-268BD11842B8}"
EndProject
Global
	GlobalSection(SolutionConfigurationPlatforms) = preSolution
		Debug|Any CPU = Debug|Any CPU
		Release|Any CPU = Release|Any CPU
	EndGlobalSection
	GlobalSection(ProjectConfigurationPlatforms) = postSolution
		{41ABE8D7-3AAC-4C42-A7AB-B81DCF2D2BA7}.Debug|Any CPU.ActiveCfg = Debug|Any CPU
		{41ABE8D7-3AAC-4C42-A7AB-B81DCF2D2BA7}.Debug|Any CPU.Build.0 = Debug|Any CPU
		{41ABE8D7-3AAC-4C42-A7AB-B81DCF2D2BA7}.Release|Any CPU.ActiveCfg = Release|Any CPU
		{41ABE8D7-3AAC-4C42-A7AB-B81DCF2D2BA7}.Release|Any CPU.Build.0 = Release|Any CPU
		{7777D64F-926B-400F-A30E-268BD11842B8}.Debug|Any CPU.ActiveCfg = Debug|Any CPU
		{7777D64F-926B-400F-A30E-268BD11842B8}.Debug|Any CPU.Build.0 = Debug|Any CPU
		{7777D64F-926B-400F-A30E-268BD11842B8}.Release|Any CPU.ActiveCfg = Release|Any CPU
		{7777D64F-926B-400F-A30E-268BD11842B8}.Release|Any CPU.Build.0 = Release|Any CPU
	EndGlobalSection
	GlobalSection(SolutionProperties) = preSolution
		HideSolutionNode = FALSE
	EndGlobalSection
	GlobalSection(ExtensibilityGlobals) = postSolution
		SolutionGuid = {E0563055-8152-4C9F-8449-FA097D9A8A3B}
	EndGlobalSection
EndGlobal
